// !$*UTF8*$!
{
	archiveVersion = 1;
	classes = {
	};
	objectVersion = 56;
	objects = {

/* Begin PBXBuildFile section */
		D0F9AD492AC5ABB200429E3C /* AppDelegate.swift in Sources */ = {isa = PBXBuildFile; fileRef = D0F9AD482AC5ABB200429E3C /* AppDelegate.swift */; };
		D0F9AD4B2AC5ABB200429E3C /* SceneDelegate.swift in Sources */ = {isa = PBXBuildFile; fileRef = D0F9AD4A2AC5ABB200429E3C /* SceneDelegate.swift */; };
		D0F9AD522AC5ABB300429E3C /* Assets.xcassets in Resources */ = {isa = PBXBuildFile; fileRef = D0F9AD512AC5ABB300429E3C /* Assets.xcassets */; };
		D0F9AD552AC5ABB300429E3C /* LaunchScreen.storyboard in Resources */ = {isa = PBXBuildFile; fileRef = D0F9AD532AC5ABB300429E3C /* LaunchScreen.storyboard */; };
		D0F9AD5E2AC5C2F200429E3C /* SmartTechListViewController.swift in Sources */ = {isa = PBXBuildFile; fileRef = D0F9AD5D2AC5C2F200429E3C /* SmartTechListViewController.swift */; };
		D0F9AD642AC5DE6700429E3C /* UIColor+Extensions.swift in Sources */ = {isa = PBXBuildFile; fileRef = D0F9AD632AC5DE6700429E3C /* UIColor+Extensions.swift */; };
		D0F9AD672AC5E9D100429E3C /* SmartTechListCell.swift in Sources */ = {isa = PBXBuildFile; fileRef = D0F9AD662AC5E9D100429E3C /* SmartTechListCell.swift */; };
		D0F9AD6A2AC6C5FC00429E3C /* Networking.swift in Sources */ = {isa = PBXBuildFile; fileRef = D0F9AD692AC6C5FC00429E3C /* Networking.swift */; };
		D0F9AD6C2AC6C63300429E3C /* NetworkRoute.swift in Sources */ = {isa = PBXBuildFile; fileRef = D0F9AD6B2AC6C63300429E3C /* NetworkRoute.swift */; };
		D0F9AD6E2AC6C72900429E3C /* HTTPMethod.swift in Sources */ = {isa = PBXBuildFile; fileRef = D0F9AD6D2AC6C72900429E3C /* HTTPMethod.swift */; };
		D0F9AD712AC6C88A00429E3C /* DevicesApi.swift in Sources */ = {isa = PBXBuildFile; fileRef = D0F9AD702AC6C88A00429E3C /* DevicesApi.swift */; };
		D0F9AD752AC6C8DC00429E3C /* APIError.swift in Sources */ = {isa = PBXBuildFile; fileRef = D0F9AD742AC6C8DC00429E3C /* APIError.swift */; };
		D0F9AD7A2AC6CE4D00429E3C /* String+Extensions.swift in Sources */ = {isa = PBXBuildFile; fileRef = D0F9AD792AC6CE4D00429E3C /* String+Extensions.swift */; };
		D0F9AD7C2AC6CF4700429E3C /* URL+Extensions.swift in Sources */ = {isa = PBXBuildFile; fileRef = D0F9AD7B2AC6CF4700429E3C /* URL+Extensions.swift */; };
		D0F9AD802AC6D18C00429E3C /* SmartTechListViewModel.swift in Sources */ = {isa = PBXBuildFile; fileRef = D0F9AD7F2AC6D18C00429E3C /* SmartTechListViewModel.swift */; };
		D0F9AD832AC6D1F600429E3C /* Device.swift in Sources */ = {isa = PBXBuildFile; fileRef = D0F9AD822AC6D1F600429E3C /* Device.swift */; };
		D0F9AD862AC6F50700429E3C /* DeviceService.swift in Sources */ = {isa = PBXBuildFile; fileRef = D0F9AD852AC6F50700429E3C /* DeviceService.swift */; };
		D0F9AD8A2AC77D3800429E3C /* UIView+Extensions.swift in Sources */ = {isa = PBXBuildFile; fileRef = D0F9AD892AC77D3800429E3C /* UIView+Extensions.swift */; };
		D0F9AD8D2AC78EDC00429E3C /* SkeletonView in Frameworks */ = {isa = PBXBuildFile; productRef = D0F9AD8C2AC78EDC00429E3C /* SkeletonView */; };
		D0F9AD8F2AC87A5A00429E3C /* ErrorView.swift in Sources */ = {isa = PBXBuildFile; fileRef = D0F9AD8E2AC87A5A00429E3C /* ErrorView.swift */; };
		D0F9AD912AC8C67A00429E3C /* DeleteWarningViewController.swift in Sources */ = {isa = PBXBuildFile; fileRef = D0F9AD902AC8C67A00429E3C /* DeleteWarningViewController.swift */; };
		D0F9AD942AC9D9C500429E3C /* SnapKit in Frameworks */ = {isa = PBXBuildFile; productRef = D0F9AD932AC9D9C500429E3C /* SnapKit */; };
		D0F9AD982AC9E19900429E3C /* Router.swift in Sources */ = {isa = PBXBuildFile; fileRef = D0F9AD972AC9E19900429E3C /* Router.swift */; };
		D0F9AD9A2AC9E2F400429E3C /* SmartTechListRouter.swift in Sources */ = {isa = PBXBuildFile; fileRef = D0F9AD992AC9E2F400429E3C /* SmartTechListRouter.swift */; };
/* End PBXBuildFile section */

/* Begin PBXFileReference section */
		D0F9AD452AC5ABB200429E3C /* TestProj.app */ = {isa = PBXFileReference; explicitFileType = wrapper.application; includeInIndex = 0; path = TestProj.app; sourceTree = BUILT_PRODUCTS_DIR; };
		D0F9AD482AC5ABB200429E3C /* AppDelegate.swift */ = {isa = PBXFileReference; lastKnownFileType = sourcecode.swift; path = AppDelegate.swift; sourceTree = "<group>"; };
		D0F9AD4A2AC5ABB200429E3C /* SceneDelegate.swift */ = {isa = PBXFileReference; lastKnownFileType = sourcecode.swift; path = SceneDelegate.swift; sourceTree = "<group>"; };
		D0F9AD512AC5ABB300429E3C /* Assets.xcassets */ = {isa = PBXFileReference; lastKnownFileType = folder.assetcatalog; path = Assets.xcassets; sourceTree = "<group>"; };
		D0F9AD542AC5ABB300429E3C /* Base */ = {isa = PBXFileReference; lastKnownFileType = file.storyboard; name = Base; path = Base.lproj/LaunchScreen.storyboard; sourceTree = "<group>"; };
		D0F9AD562AC5ABB300429E3C /* Info.plist */ = {isa = PBXFileReference; lastKnownFileType = text.plist.xml; path = Info.plist; sourceTree = "<group>"; };
		D0F9AD5D2AC5C2F200429E3C /* SmartTechListViewController.swift */ = {isa = PBXFileReference; lastKnownFileType = sourcecode.swift; path = SmartTechListViewController.swift; sourceTree = "<group>"; };
		D0F9AD632AC5DE6700429E3C /* UIColor+Extensions.swift */ = {isa = PBXFileReference; lastKnownFileType = sourcecode.swift; path = "UIColor+Extensions.swift"; sourceTree = "<group>"; };
		D0F9AD662AC5E9D100429E3C /* SmartTechListCell.swift */ = {isa = PBXFileReference; lastKnownFileType = sourcecode.swift; path = SmartTechListCell.swift; sourceTree = "<group>"; };
		D0F9AD692AC6C5FC00429E3C /* Networking.swift */ = {isa = PBXFileReference; lastKnownFileType = sourcecode.swift; path = Networking.swift; sourceTree = "<group>"; };
		D0F9AD6B2AC6C63300429E3C /* NetworkRoute.swift */ = {isa = PBXFileReference; lastKnownFileType = sourcecode.swift; path = NetworkRoute.swift; sourceTree = "<group>"; };
		D0F9AD6D2AC6C72900429E3C /* HTTPMethod.swift */ = {isa = PBXFileReference; lastKnownFileType = sourcecode.swift; path = HTTPMethod.swift; sourceTree = "<group>"; };
		D0F9AD702AC6C88A00429E3C /* DevicesApi.swift */ = {isa = PBXFileReference; lastKnownFileType = sourcecode.swift; path = DevicesApi.swift; sourceTree = "<group>"; };
		D0F9AD742AC6C8DC00429E3C /* APIError.swift */ = {isa = PBXFileReference; lastKnownFileType = sourcecode.swift; path = APIError.swift; sourceTree = "<group>"; };
		D0F9AD792AC6CE4D00429E3C /* String+Extensions.swift */ = {isa = PBXFileReference; lastKnownFileType = sourcecode.swift; path = "String+Extensions.swift"; sourceTree = "<group>"; };
		D0F9AD7B2AC6CF4700429E3C /* URL+Extensions.swift */ = {isa = PBXFileReference; lastKnownFileType = sourcecode.swift; path = "URL+Extensions.swift"; sourceTree = "<group>"; };
		D0F9AD7F2AC6D18C00429E3C /* SmartTechListViewModel.swift */ = {isa = PBXFileReference; lastKnownFileType = sourcecode.swift; path = SmartTechListViewModel.swift; sourceTree = "<group>"; };
		D0F9AD822AC6D1F600429E3C /* Device.swift */ = {isa = PBXFileReference; lastKnownFileType = sourcecode.swift; path = Device.swift; sourceTree = "<group>"; };
		D0F9AD852AC6F50700429E3C /* DeviceService.swift */ = {isa = PBXFileReference; lastKnownFileType = sourcecode.swift; path = DeviceService.swift; sourceTree = "<group>"; };
		D0F9AD892AC77D3800429E3C /* UIView+Extensions.swift */ = {isa = PBXFileReference; lastKnownFileType = sourcecode.swift; path = "UIView+Extensions.swift"; sourceTree = "<group>"; };
		D0F9AD8E2AC87A5A00429E3C /* ErrorView.swift */ = {isa = PBXFileReference; lastKnownFileType = sourcecode.swift; path = ErrorView.swift; sourceTree = "<group>"; };
		D0F9AD902AC8C67A00429E3C /* DeleteWarningViewController.swift */ = {isa = PBXFileReference; lastKnownFileType = sourcecode.swift; path = DeleteWarningViewController.swift; sourceTree = "<group>"; };
		D0F9AD972AC9E19900429E3C /* Router.swift */ = {isa = PBXFileReference; lastKnownFileType = sourcecode.swift; path = Router.swift; sourceTree = "<group>"; };
		D0F9AD992AC9E2F400429E3C /* SmartTechListRouter.swift */ = {isa = PBXFileReference; lastKnownFileType = sourcecode.swift; path = SmartTechListRouter.swift; sourceTree = "<group>"; };
/* End PBXFileReference section */

/* Begin PBXFrameworksBuildPhase section */
		D0F9AD422AC5ABB200429E3C /* Frameworks */ = {
			isa = PBXFrameworksBuildPhase;
			buildActionMask = 2147483647;
			files = (
				D0F9AD8D2AC78EDC00429E3C /* SkeletonView in Frameworks */,
				D0F9AD942AC9D9C500429E3C /* SnapKit in Frameworks */,
			);
			runOnlyForDeploymentPostprocessing = 0;
		};
/* End PBXFrameworksBuildPhase section */

/* Begin PBXGroup section */
		D0F9AD3C2AC5ABB200429E3C = {
			isa = PBXGroup;
			children = (
				D0F9AD472AC5ABB200429E3C /* TestProj */,
				D0F9AD462AC5ABB200429E3C /* Products */,
			);
			sourceTree = "<group>";
		};
		D0F9AD462AC5ABB200429E3C /* Products */ = {
			isa = PBXGroup;
			children = (
				D0F9AD452AC5ABB200429E3C /* TestProj.app */,
			);
			name = Products;
			sourceTree = "<group>";
		};
		D0F9AD472AC5ABB200429E3C /* TestProj */ = {
			isa = PBXGroup;
			children = (
				D0F9AD962AC9E19100429E3C /* App */,
				D0F9AD952AC9E17700429E3C /* AppFlow */,
				D0F9AD682AC6C5F200429E3C /* Networking */,
				D0F9AD622AC5DE5900429E3C /* Extensions */,
			);
			path = TestProj;
			sourceTree = "<group>";
		};
		D0F9AD5C2AC5C13100429E3C /* SmartTechList */ = {
			isa = PBXGroup;
			children = (
				D0F9AD5F2AC5DD9300429E3C /* View */,
				D0F9AD5D2AC5C2F200429E3C /* SmartTechListViewController.swift */,
				D0F9AD7F2AC6D18C00429E3C /* SmartTechListViewModel.swift */,
				D0F9AD992AC9E2F400429E3C /* SmartTechListRouter.swift */,
			);
			path = SmartTechList;
			sourceTree = "<group>";
		};
		D0F9AD5F2AC5DD9300429E3C /* View */ = {
			isa = PBXGroup;
			children = (
				D0F9AD652AC5E9B700429E3C /* Cell */,
				D0F9AD8E2AC87A5A00429E3C /* ErrorView.swift */,
				D0F9AD902AC8C67A00429E3C /* DeleteWarningViewController.swift */,
			);
			path = View;
			sourceTree = "<group>";
		};
		D0F9AD622AC5DE5900429E3C /* Extensions */ = {
			isa = PBXGroup;
			children = (
				D0F9AD632AC5DE6700429E3C /* UIColor+Extensions.swift */,
				D0F9AD792AC6CE4D00429E3C /* String+Extensions.swift */,
				D0F9AD7B2AC6CF4700429E3C /* URL+Extensions.swift */,
				D0F9AD892AC77D3800429E3C /* UIView+Extensions.swift */,
			);
			path = Extensions;
			sourceTree = "<group>";
		};
		D0F9AD652AC5E9B700429E3C /* Cell */ = {
			isa = PBXGroup;
			children = (
				D0F9AD662AC5E9D100429E3C /* SmartTechListCell.swift */,
			);
			path = Cell;
			sourceTree = "<group>";
		};
		D0F9AD682AC6C5F200429E3C /* Networking */ = {
			isa = PBXGroup;
			children = (
				D0F9AD842AC6F4FA00429E3C /* Service */,
				D0F9AD812AC6D1ED00429E3C /* Models */,
				D0F9AD6F2AC6C87700429E3C /* Api */,
				D0F9AD692AC6C5FC00429E3C /* Networking.swift */,
				D0F9AD6B2AC6C63300429E3C /* NetworkRoute.swift */,
				D0F9AD6D2AC6C72900429E3C /* HTTPMethod.swift */,
			);
			path = Networking;
			sourceTree = "<group>";
		};
		D0F9AD6F2AC6C87700429E3C /* Api */ = {
			isa = PBXGroup;
			children = (
				D0F9AD702AC6C88A00429E3C /* DevicesApi.swift */,
				D0F9AD742AC6C8DC00429E3C /* APIError.swift */,
			);
			path = Api;
			sourceTree = "<group>";
		};
		D0F9AD812AC6D1ED00429E3C /* Models */ = {
			isa = PBXGroup;
			children = (
				D0F9AD822AC6D1F600429E3C /* Device.swift */,
			);
			path = Models;
			sourceTree = "<group>";
		};
		D0F9AD842AC6F4FA00429E3C /* Service */ = {
			isa = PBXGroup;
			children = (
				D0F9AD852AC6F50700429E3C /* DeviceService.swift */,
			);
			path = Service;
			sourceTree = "<group>";
		};
		D0F9AD952AC9E17700429E3C /* AppFlow */ = {
			isa = PBXGroup;
			children = (
				D0F9AD5C2AC5C13100429E3C /* SmartTechList */,
			);
			path = AppFlow;
			sourceTree = "<group>";
		};
		D0F9AD962AC9E19100429E3C /* App */ = {
			isa = PBXGroup;
			children = (
				D0F9AD482AC5ABB200429E3C /* AppDelegate.swift */,
				D0F9AD4A2AC5ABB200429E3C /* SceneDelegate.swift */,
				D0F9AD512AC5ABB300429E3C /* Assets.xcassets */,
				D0F9AD532AC5ABB300429E3C /* LaunchScreen.storyboard */,
				D0F9AD562AC5ABB300429E3C /* Info.plist */,
				D0F9AD972AC9E19900429E3C /* Router.swift */,
			);
			path = App;
			sourceTree = "<group>";
		};
/* End PBXGroup section */

/* Begin PBXNativeTarget section */
		D0F9AD442AC5ABB200429E3C /* TestProj */ = {
			isa = PBXNativeTarget;
			buildConfigurationList = D0F9AD592AC5ABB300429E3C /* Build configuration list for PBXNativeTarget "TestProj" */;
			buildPhases = (
				D0F9AD412AC5ABB200429E3C /* Sources */,
				D0F9AD422AC5ABB200429E3C /* Frameworks */,
				D0F9AD432AC5ABB200429E3C /* Resources */,
			);
			buildRules = (
			);
			dependencies = (
			);
			name = TestProj;
			packageProductDependencies = (
				D0F9AD8C2AC78EDC00429E3C /* SkeletonView */,
				D0F9AD932AC9D9C500429E3C /* SnapKit */,
			);
			productName = TestProj;
			productReference = D0F9AD452AC5ABB200429E3C /* TestProj.app */;
			productType = "com.apple.product-type.application";
		};
/* End PBXNativeTarget section */

/* Begin PBXProject section */
		D0F9AD3D2AC5ABB200429E3C /* Project object */ = {
			isa = PBXProject;
			attributes = {
				BuildIndependentTargetsInParallel = 1;
				LastSwiftUpdateCheck = 1420;
				LastUpgradeCheck = 1420;
				TargetAttributes = {
					D0F9AD442AC5ABB200429E3C = {
						CreatedOnToolsVersion = 14.2;
					};
				};
			};
			buildConfigurationList = D0F9AD402AC5ABB200429E3C /* Build configuration list for PBXProject "TestProj" */;
			compatibilityVersion = "Xcode 14.0";
			developmentRegion = en;
			hasScannedForEncodings = 0;
			knownRegions = (
				en,
				Base,
			);
			mainGroup = D0F9AD3C2AC5ABB200429E3C;
			packageReferences = (
				D0F9AD8B2AC78EDC00429E3C /* XCRemoteSwiftPackageReference "SkeletonView" */,
				D0F9AD922AC9D9C500429E3C /* XCRemoteSwiftPackageReference "SnapKit" */,
			);
			productRefGroup = D0F9AD462AC5ABB200429E3C /* Products */;
			projectDirPath = "";
			projectRoot = "";
			targets = (
				D0F9AD442AC5ABB200429E3C /* TestProj */,
			);
		};
/* End PBXProject section */

/* Begin PBXResourcesBuildPhase section */
		D0F9AD432AC5ABB200429E3C /* Resources */ = {
			isa = PBXResourcesBuildPhase;
			buildActionMask = 2147483647;
			files = (
				D0F9AD552AC5ABB300429E3C /* LaunchScreen.storyboard in Resources */,
				D0F9AD522AC5ABB300429E3C /* Assets.xcassets in Resources */,
			);
			runOnlyForDeploymentPostprocessing = 0;
		};
/* End PBXResourcesBuildPhase section */

/* Begin PBXSourcesBuildPhase section */
		D0F9AD412AC5ABB200429E3C /* Sources */ = {
			isa = PBXSourcesBuildPhase;
			buildActionMask = 2147483647;
			files = (
				D0F9AD7C2AC6CF4700429E3C /* URL+Extensions.swift in Sources */,
				D0F9AD912AC8C67A00429E3C /* DeleteWarningViewController.swift in Sources */,
				D0F9AD6C2AC6C63300429E3C /* NetworkRoute.swift in Sources */,
				D0F9AD7A2AC6CE4D00429E3C /* String+Extensions.swift in Sources */,
				D0F9AD712AC6C88A00429E3C /* DevicesApi.swift in Sources */,
				D0F9AD642AC5DE6700429E3C /* UIColor+Extensions.swift in Sources */,
				D0F9AD832AC6D1F600429E3C /* Device.swift in Sources */,
				D0F9AD9A2AC9E2F400429E3C /* SmartTechListRouter.swift in Sources */,
				D0F9AD8F2AC87A5A00429E3C /* ErrorView.swift in Sources */,
				D0F9AD752AC6C8DC00429E3C /* APIError.swift in Sources */,
				D0F9AD862AC6F50700429E3C /* DeviceService.swift in Sources */,
				D0F9AD6A2AC6C5FC00429E3C /* Networking.swift in Sources */,
				D0F9AD982AC9E19900429E3C /* Router.swift in Sources */,
				D0F9AD672AC5E9D100429E3C /* SmartTechListCell.swift in Sources */,
				D0F9AD8A2AC77D3800429E3C /* UIView+Extensions.swift in Sources */,
				D0F9AD802AC6D18C00429E3C /* SmartTechListViewModel.swift in Sources */,
				D0F9AD492AC5ABB200429E3C /* AppDelegate.swift in Sources */,
				D0F9AD5E2AC5C2F200429E3C /* SmartTechListViewController.swift in Sources */,
				D0F9AD6E2AC6C72900429E3C /* HTTPMethod.swift in Sources */,
				D0F9AD4B2AC5ABB200429E3C /* SceneDelegate.swift in Sources */,
			);
			runOnlyForDeploymentPostprocessing = 0;
		};
/* End PBXSourcesBuildPhase section */

/* Begin PBXVariantGroup section */
		D0F9AD532AC5ABB300429E3C /* LaunchScreen.storyboard */ = {
			isa = PBXVariantGroup;
			children = (
				D0F9AD542AC5ABB300429E3C /* Base */,
			);
			name = LaunchScreen.storyboard;
			sourceTree = "<group>";
		};
/* End PBXVariantGroup section */

/* Begin XCBuildConfiguration section */
		D0F9AD572AC5ABB300429E3C /* Debug */ = {
			isa = XCBuildConfiguration;
			buildSettings = {
				ALWAYS_SEARCH_USER_PATHS = NO;
				CLANG_ANALYZER_NONNULL = YES;
				CLANG_ANALYZER_NUMBER_OBJECT_CONVERSION = YES_AGGRESSIVE;
				CLANG_CXX_LANGUAGE_STANDARD = "gnu++20";
				CLANG_ENABLE_MODULES = YES;
				CLANG_ENABLE_OBJC_ARC = YES;
				CLANG_ENABLE_OBJC_WEAK = YES;
				CLANG_WARN_BLOCK_CAPTURE_AUTORELEASING = YES;
				CLANG_WARN_BOOL_CONVERSION = YES;
				CLANG_WARN_COMMA = YES;
				CLANG_WARN_CONSTANT_CONVERSION = YES;
				CLANG_WARN_DEPRECATED_OBJC_IMPLEMENTATIONS = YES;
				CLANG_WARN_DIRECT_OBJC_ISA_USAGE = YES_ERROR;
				CLANG_WARN_DOCUMENTATION_COMMENTS = YES;
				CLANG_WARN_EMPTY_BODY = YES;
				CLANG_WARN_ENUM_CONVERSION = YES;
				CLANG_WARN_INFINITE_RECURSION = YES;
				CLANG_WARN_INT_CONVERSION = YES;
				CLANG_WARN_NON_LITERAL_NULL_CONVERSION = YES;
				CLANG_WARN_OBJC_IMPLICIT_RETAIN_SELF = YES;
				CLANG_WARN_OBJC_LITERAL_CONVERSION = YES;
				CLANG_WARN_OBJC_ROOT_CLASS = YES_ERROR;
				CLANG_WARN_QUOTED_INCLUDE_IN_FRAMEWORK_HEADER = YES;
				CLANG_WARN_RANGE_LOOP_ANALYSIS = YES;
				CLANG_WARN_STRICT_PROTOTYPES = YES;
				CLANG_WARN_SUSPICIOUS_MOVE = YES;
				CLANG_WARN_UNGUARDED_AVAILABILITY = YES_AGGRESSIVE;
				CLANG_WARN_UNREACHABLE_CODE = YES;
				CLANG_WARN__DUPLICATE_METHOD_MATCH = YES;
				COPY_PHASE_STRIP = NO;
				DEBUG_INFORMATION_FORMAT = dwarf;
				ENABLE_STRICT_OBJC_MSGSEND = YES;
				ENABLE_TESTABILITY = YES;
				GCC_C_LANGUAGE_STANDARD = gnu11;
				GCC_DYNAMIC_NO_PIC = NO;
				GCC_NO_COMMON_BLOCKS = YES;
				GCC_OPTIMIZATION_LEVEL = 0;
				GCC_PREPROCESSOR_DEFINITIONS = (
					"DEBUG=1",
					"$(inherited)",
				);
				GCC_WARN_64_TO_32_BIT_CONVERSION = YES;
				GCC_WARN_ABOUT_RETURN_TYPE = YES_ERROR;
				GCC_WARN_UNDECLARED_SELECTOR = YES;
				GCC_WARN_UNINITIALIZED_AUTOS = YES_AGGRESSIVE;
				GCC_WARN_UNUSED_FUNCTION = YES;
				GCC_WARN_UNUSED_VARIABLE = YES;
				IPHONEOS_DEPLOYMENT_TARGET = 16.2;
				MTL_ENABLE_DEBUG_INFO = INCLUDE_SOURCE;
				MTL_FAST_MATH = YES;
				ONLY_ACTIVE_ARCH = YES;
				SDKROOT = iphoneos;
				SWIFT_ACTIVE_COMPILATION_CONDITIONS = DEBUG;
				SWIFT_OPTIMIZATION_LEVEL = "-Onone";
			};
			name = Debug;
		};
		D0F9AD582AC5ABB300429E3C /* Release */ = {
			isa = XCBuildConfiguration;
			buildSettings = {
				ALWAYS_SEARCH_USER_PATHS = NO;
				CLANG_ANALYZER_NONNULL = YES;
				CLANG_ANALYZER_NUMBER_OBJECT_CONVERSION = YES_AGGRESSIVE;
				CLANG_CXX_LANGUAGE_STANDARD = "gnu++20";
				CLANG_ENABLE_MODULES = YES;
				CLANG_ENABLE_OBJC_ARC = YES;
				CLANG_ENABLE_OBJC_WEAK = YES;
				CLANG_WARN_BLOCK_CAPTURE_AUTORELEASING = YES;
				CLANG_WARN_BOOL_CONVERSION = YES;
				CLANG_WARN_COMMA = YES;
				CLANG_WARN_CONSTANT_CONVERSION = YES;
				CLANG_WARN_DEPRECATED_OBJC_IMPLEMENTATIONS = YES;
				CLANG_WARN_DIRECT_OBJC_ISA_USAGE = YES_ERROR;
				CLANG_WARN_DOCUMENTATION_COMMENTS = YES;
				CLANG_WARN_EMPTY_BODY = YES;
				CLANG_WARN_ENUM_CONVERSION = YES;
				CLANG_WARN_INFINITE_RECURSION = YES;
				CLANG_WARN_INT_CONVERSION = YES;
				CLANG_WARN_NON_LITERAL_NULL_CONVERSION = YES;
				CLANG_WARN_OBJC_IMPLICIT_RETAIN_SELF = YES;
				CLANG_WARN_OBJC_LITERAL_CONVERSION = YES;
				CLANG_WARN_OBJC_ROOT_CLASS = YES_ERROR;
				CLANG_WARN_QUOTED_INCLUDE_IN_FRAMEWORK_HEADER = YES;
				CLANG_WARN_RANGE_LOOP_ANALYSIS = YES;
				CLANG_WARN_STRICT_PROTOTYPES = YES;
				CLANG_WARN_SUSPICIOUS_MOVE = YES;
				CLANG_WARN_UNGUARDED_AVAILABILITY = YES_AGGRESSIVE;
				CLANG_WARN_UNREACHABLE_CODE = YES;
				CLANG_WARN__DUPLICATE_METHOD_MATCH = YES;
				COPY_PHASE_STRIP = NO;
				DEBUG_INFORMATION_FORMAT = "dwarf-with-dsym";
				ENABLE_NS_ASSERTIONS = NO;
				ENABLE_STRICT_OBJC_MSGSEND = YES;
				GCC_C_LANGUAGE_STANDARD = gnu11;
				GCC_NO_COMMON_BLOCKS = YES;
				GCC_WARN_64_TO_32_BIT_CONVERSION = YES;
				GCC_WARN_ABOUT_RETURN_TYPE = YES_ERROR;
				GCC_WARN_UNDECLARED_SELECTOR = YES;
				GCC_WARN_UNINITIALIZED_AUTOS = YES_AGGRESSIVE;
				GCC_WARN_UNUSED_FUNCTION = YES;
				GCC_WARN_UNUSED_VARIABLE = YES;
				IPHONEOS_DEPLOYMENT_TARGET = 16.2;
				MTL_ENABLE_DEBUG_INFO = NO;
				MTL_FAST_MATH = YES;
				SDKROOT = iphoneos;
				SWIFT_COMPILATION_MODE = wholemodule;
				SWIFT_OPTIMIZATION_LEVEL = "-O";
				VALIDATE_PRODUCT = YES;
			};
			name = Release;
		};
		D0F9AD5A2AC5ABB300429E3C /* Debug */ = {
			isa = XCBuildConfiguration;
			buildSettings = {
				ASSETCATALOG_COMPILER_APPICON_NAME = AppIcon;
				ASSETCATALOG_COMPILER_GLOBAL_ACCENT_COLOR_NAME = AccentColor;
				CODE_SIGN_STYLE = Automatic;
				CURRENT_PROJECT_VERSION = 1;
				DEVELOPMENT_TEAM = 9S8Y4XB9KR;
				GENERATE_INFOPLIST_FILE = YES;
				INFOPLIST_FILE = TestProj/Info.plist;
				INFOPLIST_KEY_UIApplicationSupportsIndirectInputEvents = YES;
				INFOPLIST_KEY_UILaunchStoryboardName = LaunchScreen;
				INFOPLIST_KEY_UIMainStoryboardFile = "";
				INFOPLIST_KEY_UISupportedInterfaceOrientations_iPad = "UIInterfaceOrientationPortrait UIInterfaceOrientationPortraitUpsideDown UIInterfaceOrientationLandscapeLeft UIInterfaceOrientationLandscapeRight";
				INFOPLIST_KEY_UISupportedInterfaceOrientations_iPhone = "UIInterfaceOrientationPortrait UIInterfaceOrientationLandscapeLeft UIInterfaceOrientationLandscapeRight";
				IPHONEOS_DEPLOYMENT_TARGET = 13;
				LD_RUNPATH_SEARCH_PATHS = (
					"$(inherited)",
					"@executable_path/Frameworks",
				);
				MARKETING_VERSION = 1.0;
				PRODUCT_BUNDLE_IDENTIFIER = Test.TestProj;
				PRODUCT_NAME = "$(TARGET_NAME)";
				SWIFT_EMIT_LOC_STRINGS = YES;
				SWIFT_VERSION = 5.0;
				TARGETED_DEVICE_FAMILY = "1,2";
			};
			name = Debug;
		};
		D0F9AD5B2AC5ABB300429E3C /* Release */ = {
			isa = XCBuildConfiguration;
			buildSettings = {
				ASSETCATALOG_COMPILER_APPICON_NAME = AppIcon;
				ASSETCATALOG_COMPILER_GLOBAL_ACCENT_COLOR_NAME = AccentColor;
				CODE_SIGN_STYLE = Automatic;
				CURRENT_PROJECT_VERSION = 1;
				DEVELOPMENT_TEAM = 9S8Y4XB9KR;
				GENERATE_INFOPLIST_FILE = YES;
				INFOPLIST_FILE = TestProj/Info.plist;
				INFOPLIST_KEY_UIApplicationSupportsIndirectInputEvents = YES;
				INFOPLIST_KEY_UILaunchStoryboardName = LaunchScreen;
				INFOPLIST_KEY_UIMainStoryboardFile = "";
				INFOPLIST_KEY_UISupportedInterfaceOrientations_iPad = "UIInterfaceOrientationPortrait UIInterfaceOrientationPortraitUpsideDown UIInterfaceOrientationLandscapeLeft UIInterfaceOrientationLandscapeRight";
				INFOPLIST_KEY_UISupportedInterfaceOrientations_iPhone = "UIInterfaceOrientationPortrait UIInterfaceOrientationLandscapeLeft UIInterfaceOrientationLandscapeRight";
				IPHONEOS_DEPLOYMENT_TARGET = 13;
				LD_RUNPATH_SEARCH_PATHS = (
					"$(inherited)",
					"@executable_path/Frameworks",
				);
				MARKETING_VERSION = 1.0;
				PRODUCT_BUNDLE_IDENTIFIER = Test.TestProj;
				PRODUCT_NAME = "$(TARGET_NAME)";
				SWIFT_EMIT_LOC_STRINGS = YES;
				SWIFT_VERSION = 5.0;
				TARGETED_DEVICE_FAMILY = "1,2";
			};
			name = Release;
		};
/* End XCBuildConfiguration section */

/* Begin XCConfigurationList section */
		D0F9AD402AC5ABB200429E3C /* Build configuration list for PBXProject "TestProj" */ = {
			isa = XCConfigurationList;
			buildConfigurations = (
				D0F9AD572AC5ABB300429E3C /* Debug */,
				D0F9AD582AC5ABB300429E3C /* Release */,
			);
			defaultConfigurationIsVisible = 0;
			defaultConfigurationName = Release;
		};
		D0F9AD592AC5ABB300429E3C /* Build configuration list for PBXNativeTarget "TestProj" */ = {
			isa = XCConfigurationList;
			buildConfigurations = (
				D0F9AD5A2AC5ABB300429E3C /* Debug */,
				D0F9AD5B2AC5ABB300429E3C /* Release */,
			);
			defaultConfigurationIsVisible = 0;
			defaultConfigurationName = Release;
		};
/* End XCConfigurationList section */

/* Begin XCRemoteSwiftPackageReference section */
		D0F9AD8B2AC78EDC00429E3C /* XCRemoteSwiftPackageReference "SkeletonView" */ = {
			isa = XCRemoteSwiftPackageReference;
			repositoryURL = "https://github.com/Juanpe/SkeletonView.git";
			requirement = {
				kind = upToNextMajorVersion;
				minimumVersion = 1.0.0;
			};
		};
		D0F9AD922AC9D9C500429E3C /* XCRemoteSwiftPackageReference "SnapKit" */ = {
			isa = XCRemoteSwiftPackageReference;
			repositoryURL = "https://github.com/SnapKit/SnapKit";
			requirement = {
				kind = upToNextMajorVersion;
				minimumVersion = 5.0.0;
			};
		};
/* End XCRemoteSwiftPackageReference section */

/* Begin XCSwiftPackageProductDependency section */
		D0F9AD8C2AC78EDC00429E3C /* SkeletonView */ = {
			isa = XCSwiftPackageProductDependency;
			package = D0F9AD8B2AC78EDC00429E3C /* XCRemoteSwiftPackageReference "SkeletonView" */;
			productName = SkeletonView;
		};
		D0F9AD932AC9D9C500429E3C /* SnapKit */ = {
			isa = XCSwiftPackageProductDependency;
			package = D0F9AD922AC9D9C500429E3C /* XCRemoteSwiftPackageReference "SnapKit" */;
			productName = SnapKit;
		};
/* End XCSwiftPackageProductDependency section */
	};
	rootObject = D0F9AD3D2AC5ABB200429E3C /* Project object */;
}
